{
    "format_version": "1.2",
    "terraform_version": "1.9.8",
    "resource_changes": [
      {
        "address": "aws_instance.grafana_server",
        "mode": "managed",
        "type": "aws_instance",
        "name": "grafana_server",
        "provider_name": "registry.terraform.io/hashicorp/aws",
        "change": {
          "actions": ["create"],
          "before": null,
          "after": {
            "ami": "ami-1234567890abcdef0",
            "instance_type": "t3.micro",
            "tags": {
              "Name": "Grafana Server"
            }
          },
          "after_unknown": {
            "id": true,
            "private_ip": true,
            "public_ip": true
          }
        }
      },
      {
        "address": "aws_internet_gateway.gitops_igw",
        "mode": "managed",
        "type": "aws_internet_gateway",
        "name": "gitops_igw",
        "provider_name": "registry.terraform.io/hashicorp/aws",
        "change": {
          "actions": ["create"],
          "before": null,
          "after": {},
          "after_unknown": {
            "id": true
          }
        }
      }
    ],
    "planned_values": {
      "root_module": {
        "resources": [
          {
            "address": "aws_instance.grafana_server",
            "mode": "managed",
            "type": "aws_instance",
            "name": "grafana_server",
            "provider_name": "registry.terraform.io/hashicorp/aws",
            "values": {
              "ami": "ami-1234567890abcdef0",
              "instance_type": "t3.micro",
              "tags": {
                "Name": "Grafana Server"
              }
            }
          },
          {
            "address": "aws_internet_gateway.gitops_igw",
            "mode": "managed",
            "type": "aws_internet_gateway",
            "name": "gitops_igw",
            "provider_name": "registry.terraform.io/hashicorp/aws",
            "values": {}
          }
        ]
      }
    },
    "configuration": {
      "provider_config": {
        "aws": {
          "name": "aws",
          "expressions": {
            "region": {
              "constant_value": "eu-west-2"
            }
          }
        }
      },
      "root_module": {
        "resources": [
          {
            "address": "aws_instance.grafana_server",
            "mode": "managed",
            "type": "aws_instance",
            "name": "grafana_server",
            "provider_config_key": "aws",
            "expressions": {
              "ami": {
                "constant_value": "ami-1234567890abcdef0"
              },
              "instance_type": {
                "constant_value": "t3.micro"
              },
              "tags": {
                "constant_value": {
                  "Name": "Grafana Server"
                }
              }
            }
          },
          {
            "address": "aws_internet_gateway.gitops_igw",
            "mode": "managed",
            "type": "aws_internet_gateway",
            "name": "gitops_igw",
            "provider_config_key": "aws",
            "expressions": {}
          }
        ]
      }
    },
    "timestamp": "2024-10-21T20:04:15Z",
    "applicable": false,
    "complete": true,
    "errored": false
  }
  